
Microsoft Visual Studio Solution File, Format Version 12.00
# Visual Studio Version 17
VisualStudioVersion = 17.1.32228.430
MinimumVisualStudioVersion = 10.0.40219.1
Project("{8BC9CEB8-8B4A-11D0-8D11-00A0C91BC942}") = "CodingTest2022PC", "CodingTest2022PC\CodingTest2022PC.vcxproj", "{5A5A50CD-A1F5-4E9F-9319-5E0A07E4ED05}"
EndProject
Project("{8BC9CEB8-8B4A-11D0-8D11-00A0C91BC942}") = "varTest", "varTest\varTest.vcxproj", "{F77FDC8F-FB61-401E-82CE-CC087D68C619}"
EndProject
Project("{8BC9CEB8-8B4A-11D0-8D11-00A0C91BC942}") = "operatortest", "operatortest\operatortest.vcxproj", "{2A3C3109-2C5E-4BB8-8E88-0962B7A22B99}"
EndProject
Project("{8BC9CEB8-8B4A-11D0-8D11-00A0C91BC942}") = "LogicalTest01", "LogicalTest01\LogicalTest01.vcxproj", "{22FFBBE0-C3EB-4709-89B2-76F15D2E86AC}"
EndProject
Project("{8BC9CEB8-8B4A-11D0-8D11-00A0C91BC942}") = "ArrayTest", "ArrayTest\ArrayTest.vcxproj", "{F09A1D72-13B8-4731-B50C-AD0C973590D3}"
EndProject
Project("{8BC9CEB8-8B4A-11D0-8D11-00A0C91BC942}") = "GetMaxMin", "GetMaxMin\GetMaxMin.vcxproj", "{297A5D0F-A04E-4D0B-A29F-BDE82F5A3B3F}"
EndProject
Project("{8BC9CEB8-8B4A-11D0-8D11-00A0C91BC942}") = "search", "ArrayCosproTest\ArrayCosproTest.vcxproj", "{BF165BC1-DDA5-47F7-A3F1-A941511B0193}"
EndProject
Project("{8BC9CEB8-8B4A-11D0-8D11-00A0C91BC942}") = "ArrayCopy", "ArrayCopy\ArrayCopy.vcxproj", "{5CAC54AF-A155-49EC-98E1-A1F5F1B002F6}"
EndProject
Project("{8BC9CEB8-8B4A-11D0-8D11-00A0C91BC942}") = "arrayEx", "arrayEx\arrayEx.vcxproj", "{4CBDED0E-D54B-413A-889B-09F76B5610CB}"
EndProject
Project("{8BC9CEB8-8B4A-11D0-8D11-00A0C91BC942}") = "char1", "char1\char1.vcxproj", "{E275273B-EEBC-43DD-81C9-3C3F58B0D9EE}"
EndProject
Project("{8BC9CEB8-8B4A-11D0-8D11-00A0C91BC942}") = "char2", "char2\char2.vcxproj", "{A88815DF-B3F7-4A9B-BFAB-E14A00EC4FD1}"
EndProject
Project("{8BC9CEB8-8B4A-11D0-8D11-00A0C91BC942}") = "char3", "char3\char3.vcxproj", "{D17117EF-4433-4808-AF09-E0D68FA19AFA}"
EndProject
Project("{8BC9CEB8-8B4A-11D0-8D11-00A0C91BC942}") = "charCopy", "charCopy\charCopy.vcxproj", "{14F8E533-4F23-456B-8028-C0BE8232D240}"
EndProject
Project("{8BC9CEB8-8B4A-11D0-8D11-00A0C91BC942}") = "charCopy2", "charCopy2\charCopy2.vcxproj", "{58BF5F72-1EA1-4E98-A495-421F6B3700E7}"
EndProject
Project("{8BC9CEB8-8B4A-11D0-8D11-00A0C91BC942}") = "StrTest", "StrTest\StrTest.vcxproj", "{7AE42581-7C48-4427-AA03-85C110D35A9F}"
EndProject
Project("{8BC9CEB8-8B4A-11D0-8D11-00A0C91BC942}") = "strTest2", "strTest2\strTest2.vcxproj", "{19F8FD5A-560C-4ADF-A4A3-903B86C70953}"
EndProject
Project("{8BC9CEB8-8B4A-11D0-8D11-00A0C91BC942}") = "pointerTest1", "pointerTest\pointerTest.vcxproj", "{7C10A0A4-1F1E-4B08-BAA8-DFF762D6DA68}"
EndProject
Project("{8BC9CEB8-8B4A-11D0-8D11-00A0C91BC942}") = "pointerTest2", "pointerTest2\pointerTest2.vcxproj", "{D0D3ECD7-1D7F-4A34-8894-434BF087CE9E}"
EndProject
Project("{8BC9CEB8-8B4A-11D0-8D11-00A0C91BC942}") = "FunctionTest", "FunctionTest\FunctionTest.vcxproj", "{F30A79C6-C13C-41CC-B6BC-52EEA36EAC0D}"
EndProject
Project("{8BC9CEB8-8B4A-11D0-8D11-00A0C91BC942}") = "SwapFunction", "SwapFunction\SwapFunction.vcxproj", "{40220D67-8FAB-4A94-BBB5-C79C63CC0394}"
EndProject
Project("{8BC9CEB8-8B4A-11D0-8D11-00A0C91BC942}") = "Swap2", "Swap2\Swap2.vcxproj", "{99855383-40E4-4293-BBF8-6D6631CC8735}"
EndProject
Project("{8BC9CEB8-8B4A-11D0-8D11-00A0C91BC942}") = "func_test2", "func_test2\func_test2.vcxproj", "{B85C790D-0C85-4744-86CE-69F7A4DCFBBE}"
EndProject
Project("{8BC9CEB8-8B4A-11D0-8D11-00A0C91BC942}") = "1__1_Tshirt", "CodingTestCospro\CodingTestCospro.vcxproj", "{D331C0CE-BDB2-452E-BCF1-F26D91CD6525}"
EndProject
Project("{8BC9CEB8-8B4A-11D0-8D11-00A0C91BC942}") = "1_2_Price", "1_2_Price\1_2_Price.vcxproj", "{799CA255-507A-4366-8CB3-3D80E85A1A13}"
EndProject
Project("{8BC9CEB8-8B4A-11D0-8D11-00A0C91BC942}") = "1_6_for", "1_6_for\1_6_for.vcxproj", "{C561CA60-F811-4C28-B28B-4DCB0D457ABA}"
EndProject
Project("{8BC9CEB8-8B4A-11D0-8D11-00A0C91BC942}") = "1_7_count", "1_7_count\1_7_count.vcxproj", "{E048555F-1AB9-41FE-BCCA-F60EC131FA03}"
EndProject
Project("{8BC9CEB8-8B4A-11D0-8D11-00A0C91BC942}") = "1_8_palindrome", "1_6_palindrome\1_6_palindrome.vcxproj", "{F5176C60-757E-4F69-8A25-23C389BFA5F3}"
EndProject
Project("{8BC9CEB8-8B4A-11D0-8D11-00A0C91BC942}") = "1_9_Repeat", "1_9_Repeat\1_9_Repeat.vcxproj", "{DB111B0B-A3D7-4FFE-BAB1-C1CEE1AD481B}"
EndProject
Project("{8BC9CEB8-8B4A-11D0-8D11-00A0C91BC942}") = "2_7", "2_7\2_7.vcxproj", "{7380AEA2-59E0-4895-B7F2-5D33F524278C}"
EndProject
Project("{8BC9CEB8-8B4A-11D0-8D11-00A0C91BC942}") = "2_8", "2_8\2_8.vcxproj", "{26D1C09F-B439-4DB2-B15A-AEDC6226B757}"
EndProject
Project("{8BC9CEB8-8B4A-11D0-8D11-00A0C91BC942}") = "2_9", "2_9\2_9.vcxproj", "{E7A3F1B7-3603-4F1E-ABC7-3902D71B7474}"
EndProject
Project("{8BC9CEB8-8B4A-11D0-8D11-00A0C91BC942}") = "2_10", "2_10\2_10.vcxproj", "{ED5270FE-1812-43DD-A99B-4B5CA8E68EF3}"
EndProject
Project("{8BC9CEB8-8B4A-11D0-8D11-00A0C91BC942}") = "3_2_scholarship", "3_2_scholarship\3_2_scholarship.vcxproj", "{37C55819-F082-410A-999A-F631E4039F8A}"
EndProject
Project("{8BC9CEB8-8B4A-11D0-8D11-00A0C91BC942}") = "3_3_gymnastic", "3_3_gymnastic\3_3_gymnastic.vcxproj", "{75EFECB9-135F-46B5-A13E-4F0241FE8AD4}"
EndProject
Project("{8BC9CEB8-8B4A-11D0-8D11-00A0C91BC942}") = "3_4_misstype", "3_4_\3_4_.vcxproj", "{111A150C-44B7-4841-89EA-4BFCA92B1B7E}"
EndProject
Project("{8BC9CEB8-8B4A-11D0-8D11-00A0C91BC942}") = "3_5_fee", "3_5_fee\3_5_fee.vcxproj", "{C51B0E18-35C5-45FA-8E8B-359DBB6DB1AD}"
EndProject
Project("{8BC9CEB8-8B4A-11D0-8D11-00A0C91BC942}") = "3_6_tile", "3_6_\3_6_.vcxproj", "{451D03CF-AE36-4AA2-B0A8-5A111AF84CAD}"
EndProject
Project("{8BC9CEB8-8B4A-11D0-8D11-00A0C91BC942}") = "3_8_TV", "3_8_TV\3_8_TV.vcxproj", "{E237A239-FA16-46E2-BC39-5F9EC5FEE970}"
EndProject
Project("{8BC9CEB8-8B4A-11D0-8D11-00A0C91BC942}") = "3_9_park", "3_9_\3_9_.vcxproj", "{E4C1681F-D551-4357-AC93-EF16EA89399E}"
EndProject
Project("{8BC9CEB8-8B4A-11D0-8D11-00A0C91BC942}") = "3_10_harf", "3_10_harf\3_10_harf.vcxproj", "{2B445618-0661-4540-AC6C-FBC28F888033}"
EndProject
Project("{8BC9CEB8-8B4A-11D0-8D11-00A0C91BC942}") = "4_1_counsel", "4_1_\4_1_.vcxproj", "{00D4B84E-A592-4FA8-9C1F-848A3FD14F60}"
EndProject
Project("{8BC9CEB8-8B4A-11D0-8D11-00A0C91BC942}") = "4_4_professor", "4_4_\4_4_.vcxproj", "{5048C145-101D-43F3-8328-C280ED509995}"
EndProject
Project("{8BC9CEB8-8B4A-11D0-8D11-00A0C91BC942}") = "4_9_area", "4_9_area\4_9_area.vcxproj", "{3D4A3C86-C2EA-42DB-A60A-5923C7FF2EFB}"
EndProject
Project("{8BC9CEB8-8B4A-11D0-8D11-00A0C91BC942}") = "4_9_area2", "4_9_area2\4_9_area2.vcxproj", "{C04D39BC-C8BB-466C-B4CE-0E7DFA8E8C59}"
EndProject
Project("{8BC9CEB8-8B4A-11D0-8D11-00A0C91BC942}") = "5_1_ladder", "5_1_ladder\5_1_ladder.vcxproj", "{563E5217-A286-45F0-953E-EB9CE5377019}"
EndProject
Project("{8BC9CEB8-8B4A-11D0-8D11-00A0C91BC942}") = "5_9_rank", "5_9_rank\5_9_rank.vcxproj", "{5ABF27DC-9AF6-48D7-BAE2-AE691CD8D887}"
EndProject
Project("{8BC9CEB8-8B4A-11D0-8D11-00A0C91BC942}") = "5_10_time", "5_10\5_10.vcxproj", "{89D06A55-5BF1-4957-A16D-DAB1F25882D2}"
EndProject
Project("{8BC9CEB8-8B4A-11D0-8D11-00A0C91BC942}") = "pre_2", "pre_2\pre_2.vcxproj", "{B734B953-1919-4D98-BD61-E7553CB64029}"
EndProject
Project("{8BC9CEB8-8B4A-11D0-8D11-00A0C91BC942}") = "6_1_temparature", "6_1_temp\6_1_temp.vcxproj", "{4E61E8B3-4DD7-469B-A283-21FEF812325B}"
EndProject
Project("{8BC9CEB8-8B4A-11D0-8D11-00A0C91BC942}") = "6_3_uniform", "6_3_uniform\6_3_uniform.vcxproj", "{CE9FE548-33B6-4D0F-9893-3F9DB30CE42C}"
EndProject
Global
	GlobalSection(SolutionConfigurationPlatforms) = preSolution
		Debug|x64 = Debug|x64
		Debug|x86 = Debug|x86
		Release|x64 = Release|x64
		Release|x86 = Release|x86
	EndGlobalSection
	GlobalSection(ProjectConfigurationPlatforms) = postSolution
		{5A5A50CD-A1F5-4E9F-9319-5E0A07E4ED05}.Debug|x64.ActiveCfg = Debug|x64
		{5A5A50CD-A1F5-4E9F-9319-5E0A07E4ED05}.Debug|x64.Build.0 = Debug|x64
		{5A5A50CD-A1F5-4E9F-9319-5E0A07E4ED05}.Debug|x86.ActiveCfg = Debug|Win32
		{5A5A50CD-A1F5-4E9F-9319-5E0A07E4ED05}.Debug|x86.Build.0 = Debug|Win32
		{5A5A50CD-A1F5-4E9F-9319-5E0A07E4ED05}.Release|x64.ActiveCfg = Release|x64
		{5A5A50CD-A1F5-4E9F-9319-5E0A07E4ED05}.Release|x64.Build.0 = Release|x64
		{5A5A50CD-A1F5-4E9F-9319-5E0A07E4ED05}.Release|x86.ActiveCfg = Release|Win32
		{5A5A50CD-A1F5-4E9F-9319-5E0A07E4ED05}.Release|x86.Build.0 = Release|Win32
		{F77FDC8F-FB61-401E-82CE-CC087D68C619}.Debug|x64.ActiveCfg = Debug|x64
		{F77FDC8F-FB61-401E-82CE-CC087D68C619}.Debug|x64.Build.0 = Debug|x64
		{F77FDC8F-FB61-401E-82CE-CC087D68C619}.Debug|x86.ActiveCfg = Debug|Win32
		{F77FDC8F-FB61-401E-82CE-CC087D68C619}.Debug|x86.Build.0 = Debug|Win32
		{F77FDC8F-FB61-401E-82CE-CC087D68C619}.Release|x64.ActiveCfg = Release|x64
		{F77FDC8F-FB61-401E-82CE-CC087D68C619}.Release|x64.Build.0 = Release|x64
		{F77FDC8F-FB61-401E-82CE-CC087D68C619}.Release|x86.ActiveCfg = Release|Win32
		{F77FDC8F-FB61-401E-82CE-CC087D68C619}.Release|x86.Build.0 = Release|Win32
		{2A3C3109-2C5E-4BB8-8E88-0962B7A22B99}.Debug|x64.ActiveCfg = Debug|x64
		{2A3C3109-2C5E-4BB8-8E88-0962B7A22B99}.Debug|x64.Build.0 = Debug|x64
		{2A3C3109-2C5E-4BB8-8E88-0962B7A22B99}.Debug|x86.ActiveCfg = Debug|Win32
		{2A3C3109-2C5E-4BB8-8E88-0962B7A22B99}.Debug|x86.Build.0 = Debug|Win32
		{2A3C3109-2C5E-4BB8-8E88-0962B7A22B99}.Release|x64.ActiveCfg = Release|x64
		{2A3C3109-2C5E-4BB8-8E88-0962B7A22B99}.Release|x64.Build.0 = Release|x64
		{2A3C3109-2C5E-4BB8-8E88-0962B7A22B99}.Release|x86.ActiveCfg = Release|Win32
		{2A3C3109-2C5E-4BB8-8E88-0962B7A22B99}.Release|x86.Build.0 = Release|Win32
		{22FFBBE0-C3EB-4709-89B2-76F15D2E86AC}.Debug|x64.ActiveCfg = Debug|x64
		{22FFBBE0-C3EB-4709-89B2-76F15D2E86AC}.Debug|x64.Build.0 = Debug|x64
		{22FFBBE0-C3EB-4709-89B2-76F15D2E86AC}.Debug|x86.ActiveCfg = Debug|Win32
		{22FFBBE0-C3EB-4709-89B2-76F15D2E86AC}.Debug|x86.Build.0 = Debug|Win32
		{22FFBBE0-C3EB-4709-89B2-76F15D2E86AC}.Release|x64.ActiveCfg = Release|x64
		{22FFBBE0-C3EB-4709-89B2-76F15D2E86AC}.Release|x64.Build.0 = Release|x64
		{22FFBBE0-C3EB-4709-89B2-76F15D2E86AC}.Release|x86.ActiveCfg = Release|Win32
		{22FFBBE0-C3EB-4709-89B2-76F15D2E86AC}.Release|x86.Build.0 = Release|Win32
		{F09A1D72-13B8-4731-B50C-AD0C973590D3}.Debug|x64.ActiveCfg = Debug|x64
		{F09A1D72-13B8-4731-B50C-AD0C973590D3}.Debug|x64.Build.0 = Debug|x64
		{F09A1D72-13B8-4731-B50C-AD0C973590D3}.Debug|x86.ActiveCfg = Debug|Win32
		{F09A1D72-13B8-4731-B50C-AD0C973590D3}.Debug|x86.Build.0 = Debug|Win32
		{F09A1D72-13B8-4731-B50C-AD0C973590D3}.Release|x64.ActiveCfg = Release|x64
		{F09A1D72-13B8-4731-B50C-AD0C973590D3}.Release|x64.Build.0 = Release|x64
		{F09A1D72-13B8-4731-B50C-AD0C973590D3}.Release|x86.ActiveCfg = Release|Win32
		{F09A1D72-13B8-4731-B50C-AD0C973590D3}.Release|x86.Build.0 = Release|Win32
		{297A5D0F-A04E-4D0B-A29F-BDE82F5A3B3F}.Debug|x64.ActiveCfg = Debug|x64
		{297A5D0F-A04E-4D0B-A29F-BDE82F5A3B3F}.Debug|x64.Build.0 = Debug|x64
		{297A5D0F-A04E-4D0B-A29F-BDE82F5A3B3F}.Debug|x86.ActiveCfg = Debug|Win32
		{297A5D0F-A04E-4D0B-A29F-BDE82F5A3B3F}.Debug|x86.Build.0 = Debug|Win32
		{297A5D0F-A04E-4D0B-A29F-BDE82F5A3B3F}.Release|x64.ActiveCfg = Release|x64
		{297A5D0F-A04E-4D0B-A29F-BDE82F5A3B3F}.Release|x64.Build.0 = Release|x64
		{297A5D0F-A04E-4D0B-A29F-BDE82F5A3B3F}.Release|x86.ActiveCfg = Release|Win32
		{297A5D0F-A04E-4D0B-A29F-BDE82F5A3B3F}.Release|x86.Build.0 = Release|Win32
		{BF165BC1-DDA5-47F7-A3F1-A941511B0193}.Debug|x64.ActiveCfg = Debug|x64
		{BF165BC1-DDA5-47F7-A3F1-A941511B0193}.Debug|x64.Build.0 = Debug|x64
		{BF165BC1-DDA5-47F7-A3F1-A941511B0193}.Debug|x86.ActiveCfg = Debug|Win32
		{BF165BC1-DDA5-47F7-A3F1-A941511B0193}.Debug|x86.Build.0 = Debug|Win32
		{BF165BC1-DDA5-47F7-A3F1-A941511B0193}.Release|x64.ActiveCfg = Release|x64
		{BF165BC1-DDA5-47F7-A3F1-A941511B0193}.Release|x64.Build.0 = Release|x64
		{BF165BC1-DDA5-47F7-A3F1-A941511B0193}.Release|x86.ActiveCfg = Release|Win32
		{BF165BC1-DDA5-47F7-A3F1-A941511B0193}.Release|x86.Build.0 = Release|Win32
		{5CAC54AF-A155-49EC-98E1-A1F5F1B002F6}.Debug|x64.ActiveCfg = Debug|x64
		{5CAC54AF-A155-49EC-98E1-A1F5F1B002F6}.Debug|x64.Build.0 = Debug|x64
		{5CAC54AF-A155-49EC-98E1-A1F5F1B002F6}.Debug|x86.ActiveCfg = Debug|Win32
		{5CAC54AF-A155-49EC-98E1-A1F5F1B002F6}.Debug|x86.Build.0 = Debug|Win32
		{5CAC54AF-A155-49EC-98E1-A1F5F1B002F6}.Release|x64.ActiveCfg = Release|x64
		{5CAC54AF-A155-49EC-98E1-A1F5F1B002F6}.Release|x64.Build.0 = Release|x64
		{5CAC54AF-A155-49EC-98E1-A1F5F1B002F6}.Release|x86.ActiveCfg = Release|Win32
		{5CAC54AF-A155-49EC-98E1-A1F5F1B002F6}.Release|x86.Build.0 = Release|Win32
		{4CBDED0E-D54B-413A-889B-09F76B5610CB}.Debug|x64.ActiveCfg = Debug|x64
		{4CBDED0E-D54B-413A-889B-09F76B5610CB}.Debug|x64.Build.0 = Debug|x64
		{4CBDED0E-D54B-413A-889B-09F76B5610CB}.Debug|x86.ActiveCfg = Debug|Win32
		{4CBDED0E-D54B-413A-889B-09F76B5610CB}.Debug|x86.Build.0 = Debug|Win32
		{4CBDED0E-D54B-413A-889B-09F76B5610CB}.Release|x64.ActiveCfg = Release|x64
		{4CBDED0E-D54B-413A-889B-09F76B5610CB}.Release|x64.Build.0 = Release|x64
		{4CBDED0E-D54B-413A-889B-09F76B5610CB}.Release|x86.ActiveCfg = Release|Win32
		{4CBDED0E-D54B-413A-889B-09F76B5610CB}.Release|x86.Build.0 = Release|Win32
		{E275273B-EEBC-43DD-81C9-3C3F58B0D9EE}.Debug|x64.ActiveCfg = Debug|x64
		{E275273B-EEBC-43DD-81C9-3C3F58B0D9EE}.Debug|x64.Build.0 = Debug|x64
		{E275273B-EEBC-43DD-81C9-3C3F58B0D9EE}.Debug|x86.ActiveCfg = Debug|Win32
		{E275273B-EEBC-43DD-81C9-3C3F58B0D9EE}.Debug|x86.Build.0 = Debug|Win32
		{E275273B-EEBC-43DD-81C9-3C3F58B0D9EE}.Release|x64.ActiveCfg = Release|x64
		{E275273B-EEBC-43DD-81C9-3C3F58B0D9EE}.Release|x64.Build.0 = Release|x64
		{E275273B-EEBC-43DD-81C9-3C3F58B0D9EE}.Release|x86.ActiveCfg = Release|Win32
		{E275273B-EEBC-43DD-81C9-3C3F58B0D9EE}.Release|x86.Build.0 = Release|Win32
		{A88815DF-B3F7-4A9B-BFAB-E14A00EC4FD1}.Debug|x64.ActiveCfg = Debug|x64
		{A88815DF-B3F7-4A9B-BFAB-E14A00EC4FD1}.Debug|x64.Build.0 = Debug|x64
		{A88815DF-B3F7-4A9B-BFAB-E14A00EC4FD1}.Debug|x86.ActiveCfg = Debug|Win32
		{A88815DF-B3F7-4A9B-BFAB-E14A00EC4FD1}.Debug|x86.Build.0 = Debug|Win32
		{A88815DF-B3F7-4A9B-BFAB-E14A00EC4FD1}.Release|x64.ActiveCfg = Release|x64
		{A88815DF-B3F7-4A9B-BFAB-E14A00EC4FD1}.Release|x64.Build.0 = Release|x64
		{A88815DF-B3F7-4A9B-BFAB-E14A00EC4FD1}.Release|x86.ActiveCfg = Release|Win32
		{A88815DF-B3F7-4A9B-BFAB-E14A00EC4FD1}.Release|x86.Build.0 = Release|Win32
		{D17117EF-4433-4808-AF09-E0D68FA19AFA}.Debug|x64.ActiveCfg = Debug|x64
		{D17117EF-4433-4808-AF09-E0D68FA19AFA}.Debug|x64.Build.0 = Debug|x64
		{D17117EF-4433-4808-AF09-E0D68FA19AFA}.Debug|x86.ActiveCfg = Debug|Win32
		{D17117EF-4433-4808-AF09-E0D68FA19AFA}.Debug|x86.Build.0 = Debug|Win32
		{D17117EF-4433-4808-AF09-E0D68FA19AFA}.Release|x64.ActiveCfg = Release|x64
		{D17117EF-4433-4808-AF09-E0D68FA19AFA}.Release|x64.Build.0 = Release|x64
		{D17117EF-4433-4808-AF09-E0D68FA19AFA}.Release|x86.ActiveCfg = Release|Win32
		{D17117EF-4433-4808-AF09-E0D68FA19AFA}.Release|x86.Build.0 = Release|Win32
		{14F8E533-4F23-456B-8028-C0BE8232D240}.Debug|x64.ActiveCfg = Debug|x64
		{14F8E533-4F23-456B-8028-C0BE8232D240}.Debug|x64.Build.0 = Debug|x64
		{14F8E533-4F23-456B-8028-C0BE8232D240}.Debug|x86.ActiveCfg = Debug|Win32
		{14F8E533-4F23-456B-8028-C0BE8232D240}.Debug|x86.Build.0 = Debug|Win32
		{14F8E533-4F23-456B-8028-C0BE8232D240}.Release|x64.ActiveCfg = Release|x64
		{14F8E533-4F23-456B-8028-C0BE8232D240}.Release|x64.Build.0 = Release|x64
		{14F8E533-4F23-456B-8028-C0BE8232D240}.Release|x86.ActiveCfg = Release|Win32
		{14F8E533-4F23-456B-8028-C0BE8232D240}.Release|x86.Build.0 = Release|Win32
		{58BF5F72-1EA1-4E98-A495-421F6B3700E7}.Debug|x64.ActiveCfg = Debug|x64
		{58BF5F72-1EA1-4E98-A495-421F6B3700E7}.Debug|x64.Build.0 = Debug|x64
		{58BF5F72-1EA1-4E98-A495-421F6B3700E7}.Debug|x86.ActiveCfg = Debug|Win32
		{58BF5F72-1EA1-4E98-A495-421F6B3700E7}.Debug|x86.Build.0 = Debug|Win32
		{58BF5F72-1EA1-4E98-A495-421F6B3700E7}.Release|x64.ActiveCfg = Release|x64
		{58BF5F72-1EA1-4E98-A495-421F6B3700E7}.Release|x64.Build.0 = Release|x64
		{58BF5F72-1EA1-4E98-A495-421F6B3700E7}.Release|x86.ActiveCfg = Release|Win32
		{58BF5F72-1EA1-4E98-A495-421F6B3700E7}.Release|x86.Build.0 = Release|Win32
		{7AE42581-7C48-4427-AA03-85C110D35A9F}.Debug|x64.ActiveCfg = Debug|x64
		{7AE42581-7C48-4427-AA03-85C110D35A9F}.Debug|x64.Build.0 = Debug|x64
		{7AE42581-7C48-4427-AA03-85C110D35A9F}.Debug|x86.ActiveCfg = Debug|Win32
		{7AE42581-7C48-4427-AA03-85C110D35A9F}.Debug|x86.Build.0 = Debug|Win32
		{7AE42581-7C48-4427-AA03-85C110D35A9F}.Release|x64.ActiveCfg = Release|x64
		{7AE42581-7C48-4427-AA03-85C110D35A9F}.Release|x64.Build.0 = Release|x64
		{7AE42581-7C48-4427-AA03-85C110D35A9F}.Release|x86.ActiveCfg = Release|Win32
		{7AE42581-7C48-4427-AA03-85C110D35A9F}.Release|x86.Build.0 = Release|Win32
		{19F8FD5A-560C-4ADF-A4A3-903B86C70953}.Debug|x64.ActiveCfg = Debug|x64
		{19F8FD5A-560C-4ADF-A4A3-903B86C70953}.Debug|x64.Build.0 = Debug|x64
		{19F8FD5A-560C-4ADF-A4A3-903B86C70953}.Debug|x86.ActiveCfg = Debug|Win32
		{19F8FD5A-560C-4ADF-A4A3-903B86C70953}.Debug|x86.Build.0 = Debug|Win32
		{19F8FD5A-560C-4ADF-A4A3-903B86C70953}.Release|x64.ActiveCfg = Release|x64
		{19F8FD5A-560C-4ADF-A4A3-903B86C70953}.Release|x64.Build.0 = Release|x64
		{19F8FD5A-560C-4ADF-A4A3-903B86C70953}.Release|x86.ActiveCfg = Release|Win32
		{19F8FD5A-560C-4ADF-A4A3-903B86C70953}.Release|x86.Build.0 = Release|Win32
		{7C10A0A4-1F1E-4B08-BAA8-DFF762D6DA68}.Debug|x64.ActiveCfg = Debug|x64
		{7C10A0A4-1F1E-4B08-BAA8-DFF762D6DA68}.Debug|x64.Build.0 = Debug|x64
		{7C10A0A4-1F1E-4B08-BAA8-DFF762D6DA68}.Debug|x86.ActiveCfg = Debug|Win32
		{7C10A0A4-1F1E-4B08-BAA8-DFF762D6DA68}.Debug|x86.Build.0 = Debug|Win32
		{7C10A0A4-1F1E-4B08-BAA8-DFF762D6DA68}.Release|x64.ActiveCfg = Release|x64
		{7C10A0A4-1F1E-4B08-BAA8-DFF762D6DA68}.Release|x64.Build.0 = Release|x64
		{7C10A0A4-1F1E-4B08-BAA8-DFF762D6DA68}.Release|x86.ActiveCfg = Release|Win32
		{7C10A0A4-1F1E-4B08-BAA8-DFF762D6DA68}.Release|x86.Build.0 = Release|Win32
		{D0D3ECD7-1D7F-4A34-8894-434BF087CE9E}.Debug|x64.ActiveCfg = Debug|x64
		{D0D3ECD7-1D7F-4A34-8894-434BF087CE9E}.Debug|x64.Build.0 = Debug|x64
		{D0D3ECD7-1D7F-4A34-8894-434BF087CE9E}.Debug|x86.ActiveCfg = Debug|Win32
		{D0D3ECD7-1D7F-4A34-8894-434BF087CE9E}.Debug|x86.Build.0 = Debug|Win32
		{D0D3ECD7-1D7F-4A34-8894-434BF087CE9E}.Release|x64.ActiveCfg = Release|x64
		{D0D3ECD7-1D7F-4A34-8894-434BF087CE9E}.Release|x64.Build.0 = Release|x64
		{D0D3ECD7-1D7F-4A34-8894-434BF087CE9E}.Release|x86.ActiveCfg = Release|Win32
		{D0D3ECD7-1D7F-4A34-8894-434BF087CE9E}.Release|x86.Build.0 = Release|Win32
		{F30A79C6-C13C-41CC-B6BC-52EEA36EAC0D}.Debug|x64.ActiveCfg = Debug|x64
		{F30A79C6-C13C-41CC-B6BC-52EEA36EAC0D}.Debug|x64.Build.0 = Debug|x64
		{F30A79C6-C13C-41CC-B6BC-52EEA36EAC0D}.Debug|x86.ActiveCfg = Debug|Win32
		{F30A79C6-C13C-41CC-B6BC-52EEA36EAC0D}.Debug|x86.Build.0 = Debug|Win32
		{F30A79C6-C13C-41CC-B6BC-52EEA36EAC0D}.Release|x64.ActiveCfg = Release|x64
		{F30A79C6-C13C-41CC-B6BC-52EEA36EAC0D}.Release|x64.Build.0 = Release|x64
		{F30A79C6-C13C-41CC-B6BC-52EEA36EAC0D}.Release|x86.ActiveCfg = Release|Win32
		{F30A79C6-C13C-41CC-B6BC-52EEA36EAC0D}.Release|x86.Build.0 = Release|Win32
		{40220D67-8FAB-4A94-BBB5-C79C63CC0394}.Debug|x64.ActiveCfg = Debug|x64
		{40220D67-8FAB-4A94-BBB5-C79C63CC0394}.Debug|x64.Build.0 = Debug|x64
		{40220D67-8FAB-4A94-BBB5-C79C63CC0394}.Debug|x86.ActiveCfg = Debug|Win32
		{40220D67-8FAB-4A94-BBB5-C79C63CC0394}.Debug|x86.Build.0 = Debug|Win32
		{40220D67-8FAB-4A94-BBB5-C79C63CC0394}.Release|x64.ActiveCfg = Release|x64
		{40220D67-8FAB-4A94-BBB5-C79C63CC0394}.Release|x64.Build.0 = Release|x64
		{40220D67-8FAB-4A94-BBB5-C79C63CC0394}.Release|x86.ActiveCfg = Release|Win32
		{40220D67-8FAB-4A94-BBB5-C79C63CC0394}.Release|x86.Build.0 = Release|Win32
		{99855383-40E4-4293-BBF8-6D6631CC8735}.Debug|x64.ActiveCfg = Debug|x64
		{99855383-40E4-4293-BBF8-6D6631CC8735}.Debug|x64.Build.0 = Debug|x64
		{99855383-40E4-4293-BBF8-6D6631CC8735}.Debug|x86.ActiveCfg = Debug|Win32
		{99855383-40E4-4293-BBF8-6D6631CC8735}.Debug|x86.Build.0 = Debug|Win32
		{99855383-40E4-4293-BBF8-6D6631CC8735}.Release|x64.ActiveCfg = Release|x64
		{99855383-40E4-4293-BBF8-6D6631CC8735}.Release|x64.Build.0 = Release|x64
		{99855383-40E4-4293-BBF8-6D6631CC8735}.Release|x86.ActiveCfg = Release|Win32
		{99855383-40E4-4293-BBF8-6D6631CC8735}.Release|x86.Build.0 = Release|Win32
		{B85C790D-0C85-4744-86CE-69F7A4DCFBBE}.Debug|x64.ActiveCfg = Debug|x64
		{B85C790D-0C85-4744-86CE-69F7A4DCFBBE}.Debug|x64.Build.0 = Debug|x64
		{B85C790D-0C85-4744-86CE-69F7A4DCFBBE}.Debug|x86.ActiveCfg = Debug|Win32
		{B85C790D-0C85-4744-86CE-69F7A4DCFBBE}.Debug|x86.Build.0 = Debug|Win32
		{B85C790D-0C85-4744-86CE-69F7A4DCFBBE}.Release|x64.ActiveCfg = Release|x64
		{B85C790D-0C85-4744-86CE-69F7A4DCFBBE}.Release|x64.Build.0 = Release|x64
		{B85C790D-0C85-4744-86CE-69F7A4DCFBBE}.Release|x86.ActiveCfg = Release|Win32
		{B85C790D-0C85-4744-86CE-69F7A4DCFBBE}.Release|x86.Build.0 = Release|Win32
		{D331C0CE-BDB2-452E-BCF1-F26D91CD6525}.Debug|x64.ActiveCfg = Debug|x64
		{D331C0CE-BDB2-452E-BCF1-F26D91CD6525}.Debug|x64.Build.0 = Debug|x64
		{D331C0CE-BDB2-452E-BCF1-F26D91CD6525}.Debug|x86.ActiveCfg = Debug|Win32
		{D331C0CE-BDB2-452E-BCF1-F26D91CD6525}.Debug|x86.Build.0 = Debug|Win32
		{D331C0CE-BDB2-452E-BCF1-F26D91CD6525}.Release|x64.ActiveCfg = Release|x64
		{D331C0CE-BDB2-452E-BCF1-F26D91CD6525}.Release|x64.Build.0 = Release|x64
		{D331C0CE-BDB2-452E-BCF1-F26D91CD6525}.Release|x86.ActiveCfg = Release|Win32
		{D331C0CE-BDB2-452E-BCF1-F26D91CD6525}.Release|x86.Build.0 = Release|Win32
		{799CA255-507A-4366-8CB3-3D80E85A1A13}.Debug|x64.ActiveCfg = Debug|x64
		{799CA255-507A-4366-8CB3-3D80E85A1A13}.Debug|x64.Build.0 = Debug|x64
		{799CA255-507A-4366-8CB3-3D80E85A1A13}.Debug|x86.ActiveCfg = Debug|Win32
		{799CA255-507A-4366-8CB3-3D80E85A1A13}.Debug|x86.Build.0 = Debug|Win32
		{799CA255-507A-4366-8CB3-3D80E85A1A13}.Release|x64.ActiveCfg = Release|x64
		{799CA255-507A-4366-8CB3-3D80E85A1A13}.Release|x64.Build.0 = Release|x64
		{799CA255-507A-4366-8CB3-3D80E85A1A13}.Release|x86.ActiveCfg = Release|Win32
		{799CA255-507A-4366-8CB3-3D80E85A1A13}.Release|x86.Build.0 = Release|Win32
		{C561CA60-F811-4C28-B28B-4DCB0D457ABA}.Debug|x64.ActiveCfg = Debug|x64
		{C561CA60-F811-4C28-B28B-4DCB0D457ABA}.Debug|x64.Build.0 = Debug|x64
		{C561CA60-F811-4C28-B28B-4DCB0D457ABA}.Debug|x86.ActiveCfg = Debug|Win32
		{C561CA60-F811-4C28-B28B-4DCB0D457ABA}.Debug|x86.Build.0 = Debug|Win32
		{C561CA60-F811-4C28-B28B-4DCB0D457ABA}.Release|x64.ActiveCfg = Release|x64
		{C561CA60-F811-4C28-B28B-4DCB0D457ABA}.Release|x64.Build.0 = Release|x64
		{C561CA60-F811-4C28-B28B-4DCB0D457ABA}.Release|x86.ActiveCfg = Release|Win32
		{C561CA60-F811-4C28-B28B-4DCB0D457ABA}.Release|x86.Build.0 = Release|Win32
		{E048555F-1AB9-41FE-BCCA-F60EC131FA03}.Debug|x64.ActiveCfg = Debug|x64
		{E048555F-1AB9-41FE-BCCA-F60EC131FA03}.Debug|x64.Build.0 = Debug|x64
		{E048555F-1AB9-41FE-BCCA-F60EC131FA03}.Debug|x86.ActiveCfg = Debug|Win32
		{E048555F-1AB9-41FE-BCCA-F60EC131FA03}.Debug|x86.Build.0 = Debug|Win32
		{E048555F-1AB9-41FE-BCCA-F60EC131FA03}.Release|x64.ActiveCfg = Release|x64
		{E048555F-1AB9-41FE-BCCA-F60EC131FA03}.Release|x64.Build.0 = Release|x64
		{E048555F-1AB9-41FE-BCCA-F60EC131FA03}.Release|x86.ActiveCfg = Release|Win32
		{E048555F-1AB9-41FE-BCCA-F60EC131FA03}.Release|x86.Build.0 = Release|Win32
		{F5176C60-757E-4F69-8A25-23C389BFA5F3}.Debug|x64.ActiveCfg = Debug|x64
		{F5176C60-757E-4F69-8A25-23C389BFA5F3}.Debug|x64.Build.0 = Debug|x64
		{F5176C60-757E-4F69-8A25-23C389BFA5F3}.Debug|x86.ActiveCfg = Debug|Win32
		{F5176C60-757E-4F69-8A25-23C389BFA5F3}.Debug|x86.Build.0 = Debug|Win32
		{F5176C60-757E-4F69-8A25-23C389BFA5F3}.Release|x64.ActiveCfg = Release|x64
		{F5176C60-757E-4F69-8A25-23C389BFA5F3}.Release|x64.Build.0 = Release|x64
		{F5176C60-757E-4F69-8A25-23C389BFA5F3}.Release|x86.ActiveCfg = Release|Win32
		{F5176C60-757E-4F69-8A25-23C389BFA5F3}.Release|x86.Build.0 = Release|Win32
		{DB111B0B-A3D7-4FFE-BAB1-C1CEE1AD481B}.Debug|x64.ActiveCfg = Debug|x64
		{DB111B0B-A3D7-4FFE-BAB1-C1CEE1AD481B}.Debug|x64.Build.0 = Debug|x64
		{DB111B0B-A3D7-4FFE-BAB1-C1CEE1AD481B}.Debug|x86.ActiveCfg = Debug|Win32
		{DB111B0B-A3D7-4FFE-BAB1-C1CEE1AD481B}.Debug|x86.Build.0 = Debug|Win32
		{DB111B0B-A3D7-4FFE-BAB1-C1CEE1AD481B}.Release|x64.ActiveCfg = Release|x64
		{DB111B0B-A3D7-4FFE-BAB1-C1CEE1AD481B}.Release|x64.Build.0 = Release|x64
		{DB111B0B-A3D7-4FFE-BAB1-C1CEE1AD481B}.Release|x86.ActiveCfg = Release|Win32
		{DB111B0B-A3D7-4FFE-BAB1-C1CEE1AD481B}.Release|x86.Build.0 = Release|Win32
		{7380AEA2-59E0-4895-B7F2-5D33F524278C}.Debug|x64.ActiveCfg = Debug|x64
		{7380AEA2-59E0-4895-B7F2-5D33F524278C}.Debug|x64.Build.0 = Debug|x64
		{7380AEA2-59E0-4895-B7F2-5D33F524278C}.Debug|x86.ActiveCfg = Debug|Win32
		{7380AEA2-59E0-4895-B7F2-5D33F524278C}.Debug|x86.Build.0 = Debug|Win32
		{7380AEA2-59E0-4895-B7F2-5D33F524278C}.Release|x64.ActiveCfg = Release|x64
		{7380AEA2-59E0-4895-B7F2-5D33F524278C}.Release|x64.Build.0 = Release|x64
		{7380AEA2-59E0-4895-B7F2-5D33F524278C}.Release|x86.ActiveCfg = Release|Win32
		{7380AEA2-59E0-4895-B7F2-5D33F524278C}.Release|x86.Build.0 = Release|Win32
		{26D1C09F-B439-4DB2-B15A-AEDC6226B757}.Debug|x64.ActiveCfg = Debug|x64
		{26D1C09F-B439-4DB2-B15A-AEDC6226B757}.Debug|x64.Build.0 = Debug|x64
		{26D1C09F-B439-4DB2-B15A-AEDC6226B757}.Debug|x86.ActiveCfg = Debug|Win32
		{26D1C09F-B439-4DB2-B15A-AEDC6226B757}.Debug|x86.Build.0 = Debug|Win32
		{26D1C09F-B439-4DB2-B15A-AEDC6226B757}.Release|x64.ActiveCfg = Release|x64
		{26D1C09F-B439-4DB2-B15A-AEDC6226B757}.Release|x64.Build.0 = Release|x64
		{26D1C09F-B439-4DB2-B15A-AEDC6226B757}.Release|x86.ActiveCfg = Release|Win32
		{26D1C09F-B439-4DB2-B15A-AEDC6226B757}.Release|x86.Build.0 = Release|Win32
		{E7A3F1B7-3603-4F1E-ABC7-3902D71B7474}.Debug|x64.ActiveCfg = Debug|x64
		{E7A3F1B7-3603-4F1E-ABC7-3902D71B7474}.Debug|x64.Build.0 = Debug|x64
		{E7A3F1B7-3603-4F1E-ABC7-3902D71B7474}.Debug|x86.ActiveCfg = Debug|Win32
		{E7A3F1B7-3603-4F1E-ABC7-3902D71B7474}.Debug|x86.Build.0 = Debug|Win32
		{E7A3F1B7-3603-4F1E-ABC7-3902D71B7474}.Release|x64.ActiveCfg = Release|x64
		{E7A3F1B7-3603-4F1E-ABC7-3902D71B7474}.Release|x64.Build.0 = Release|x64
		{E7A3F1B7-3603-4F1E-ABC7-3902D71B7474}.Release|x86.ActiveCfg = Release|Win32
		{E7A3F1B7-3603-4F1E-ABC7-3902D71B7474}.Release|x86.Build.0 = Release|Win32
		{ED5270FE-1812-43DD-A99B-4B5CA8E68EF3}.Debug|x64.ActiveCfg = Debug|x64
		{ED5270FE-1812-43DD-A99B-4B5CA8E68EF3}.Debug|x64.Build.0 = Debug|x64
		{ED5270FE-1812-43DD-A99B-4B5CA8E68EF3}.Debug|x86.ActiveCfg = Debug|Win32
		{ED5270FE-1812-43DD-A99B-4B5CA8E68EF3}.Debug|x86.Build.0 = Debug|Win32
		{ED5270FE-1812-43DD-A99B-4B5CA8E68EF3}.Release|x64.ActiveCfg = Release|x64
		{ED5270FE-1812-43DD-A99B-4B5CA8E68EF3}.Release|x64.Build.0 = Release|x64
		{ED5270FE-1812-43DD-A99B-4B5CA8E68EF3}.Release|x86.ActiveCfg = Release|Win32
		{ED5270FE-1812-43DD-A99B-4B5CA8E68EF3}.Release|x86.Build.0 = Release|Win32
		{37C55819-F082-410A-999A-F631E4039F8A}.Debug|x64.ActiveCfg = Debug|x64
		{37C55819-F082-410A-999A-F631E4039F8A}.Debug|x64.Build.0 = Debug|x64
		{37C55819-F082-410A-999A-F631E4039F8A}.Debug|x86.ActiveCfg = Debug|Win32
		{37C55819-F082-410A-999A-F631E4039F8A}.Debug|x86.Build.0 = Debug|Win32
		{37C55819-F082-410A-999A-F631E4039F8A}.Release|x64.ActiveCfg = Release|x64
		{37C55819-F082-410A-999A-F631E4039F8A}.Release|x64.Build.0 = Release|x64
		{37C55819-F082-410A-999A-F631E4039F8A}.Release|x86.ActiveCfg = Release|Win32
		{37C55819-F082-410A-999A-F631E4039F8A}.Release|x86.Build.0 = Release|Win32
		{75EFECB9-135F-46B5-A13E-4F0241FE8AD4}.Debug|x64.ActiveCfg = Debug|x64
		{75EFECB9-135F-46B5-A13E-4F0241FE8AD4}.Debug|x64.Build.0 = Debug|x64
		{75EFECB9-135F-46B5-A13E-4F0241FE8AD4}.Debug|x86.ActiveCfg = Debug|Win32
		{75EFECB9-135F-46B5-A13E-4F0241FE8AD4}.Debug|x86.Build.0 = Debug|Win32
		{75EFECB9-135F-46B5-A13E-4F0241FE8AD4}.Release|x64.ActiveCfg = Release|x64
		{75EFECB9-135F-46B5-A13E-4F0241FE8AD4}.Release|x64.Build.0 = Release|x64
		{75EFECB9-135F-46B5-A13E-4F0241FE8AD4}.Release|x86.ActiveCfg = Release|Win32
		{75EFECB9-135F-46B5-A13E-4F0241FE8AD4}.Release|x86.Build.0 = Release|Win32
		{111A150C-44B7-4841-89EA-4BFCA92B1B7E}.Debug|x64.ActiveCfg = Debug|x64
		{111A150C-44B7-4841-89EA-4BFCA92B1B7E}.Debug|x64.Build.0 = Debug|x64
		{111A150C-44B7-4841-89EA-4BFCA92B1B7E}.Debug|x86.ActiveCfg = Debug|Win32
		{111A150C-44B7-4841-89EA-4BFCA92B1B7E}.Debug|x86.Build.0 = Debug|Win32
		{111A150C-44B7-4841-89EA-4BFCA92B1B7E}.Release|x64.ActiveCfg = Release|x64
		{111A150C-44B7-4841-89EA-4BFCA92B1B7E}.Release|x64.Build.0 = Release|x64
		{111A150C-44B7-4841-89EA-4BFCA92B1B7E}.Release|x86.ActiveCfg = Release|Win32
		{111A150C-44B7-4841-89EA-4BFCA92B1B7E}.Release|x86.Build.0 = Release|Win32
		{C51B0E18-35C5-45FA-8E8B-359DBB6DB1AD}.Debug|x64.ActiveCfg = Debug|x64
		{C51B0E18-35C5-45FA-8E8B-359DBB6DB1AD}.Debug|x64.Build.0 = Debug|x64
		{C51B0E18-35C5-45FA-8E8B-359DBB6DB1AD}.Debug|x86.ActiveCfg = Debug|Win32
		{C51B0E18-35C5-45FA-8E8B-359DBB6DB1AD}.Debug|x86.Build.0 = Debug|Win32
		{C51B0E18-35C5-45FA-8E8B-359DBB6DB1AD}.Release|x64.ActiveCfg = Release|x64
		{C51B0E18-35C5-45FA-8E8B-359DBB6DB1AD}.Release|x64.Build.0 = Release|x64
		{C51B0E18-35C5-45FA-8E8B-359DBB6DB1AD}.Release|x86.ActiveCfg = Release|Win32
		{C51B0E18-35C5-45FA-8E8B-359DBB6DB1AD}.Release|x86.Build.0 = Release|Win32
		{451D03CF-AE36-4AA2-B0A8-5A111AF84CAD}.Debug|x64.ActiveCfg = Debug|x64
		{451D03CF-AE36-4AA2-B0A8-5A111AF84CAD}.Debug|x64.Build.0 = Debug|x64
		{451D03CF-AE36-4AA2-B0A8-5A111AF84CAD}.Debug|x86.ActiveCfg = Debug|Win32
		{451D03CF-AE36-4AA2-B0A8-5A111AF84CAD}.Debug|x86.Build.0 = Debug|Win32
		{451D03CF-AE36-4AA2-B0A8-5A111AF84CAD}.Release|x64.ActiveCfg = Release|x64
		{451D03CF-AE36-4AA2-B0A8-5A111AF84CAD}.Release|x64.Build.0 = Release|x64
		{451D03CF-AE36-4AA2-B0A8-5A111AF84CAD}.Release|x86.ActiveCfg = Release|Win32
		{451D03CF-AE36-4AA2-B0A8-5A111AF84CAD}.Release|x86.Build.0 = Release|Win32
		{E237A239-FA16-46E2-BC39-5F9EC5FEE970}.Debug|x64.ActiveCfg = Debug|x64
		{E237A239-FA16-46E2-BC39-5F9EC5FEE970}.Debug|x64.Build.0 = Debug|x64
		{E237A239-FA16-46E2-BC39-5F9EC5FEE970}.Debug|x86.ActiveCfg = Debug|Win32
		{E237A239-FA16-46E2-BC39-5F9EC5FEE970}.Debug|x86.Build.0 = Debug|Win32
		{E237A239-FA16-46E2-BC39-5F9EC5FEE970}.Release|x64.ActiveCfg = Release|x64
		{E237A239-FA16-46E2-BC39-5F9EC5FEE970}.Release|x64.Build.0 = Release|x64
		{E237A239-FA16-46E2-BC39-5F9EC5FEE970}.Release|x86.ActiveCfg = Release|Win32
		{E237A239-FA16-46E2-BC39-5F9EC5FEE970}.Release|x86.Build.0 = Release|Win32
		{E4C1681F-D551-4357-AC93-EF16EA89399E}.Debug|x64.ActiveCfg = Debug|x64
		{E4C1681F-D551-4357-AC93-EF16EA89399E}.Debug|x64.Build.0 = Debug|x64
		{E4C1681F-D551-4357-AC93-EF16EA89399E}.Debug|x86.ActiveCfg = Debug|Win32
		{E4C1681F-D551-4357-AC93-EF16EA89399E}.Debug|x86.Build.0 = Debug|Win32
		{E4C1681F-D551-4357-AC93-EF16EA89399E}.Release|x64.ActiveCfg = Release|x64
		{E4C1681F-D551-4357-AC93-EF16EA89399E}.Release|x64.Build.0 = Release|x64
		{E4C1681F-D551-4357-AC93-EF16EA89399E}.Release|x86.ActiveCfg = Release|Win32
		{E4C1681F-D551-4357-AC93-EF16EA89399E}.Release|x86.Build.0 = Release|Win32
		{2B445618-0661-4540-AC6C-FBC28F888033}.Debug|x64.ActiveCfg = Debug|x64
		{2B445618-0661-4540-AC6C-FBC28F888033}.Debug|x64.Build.0 = Debug|x64
		{2B445618-0661-4540-AC6C-FBC28F888033}.Debug|x86.ActiveCfg = Debug|Win32
		{2B445618-0661-4540-AC6C-FBC28F888033}.Debug|x86.Build.0 = Debug|Win32
		{2B445618-0661-4540-AC6C-FBC28F888033}.Release|x64.ActiveCfg = Release|x64
		{2B445618-0661-4540-AC6C-FBC28F888033}.Release|x64.Build.0 = Release|x64
		{2B445618-0661-4540-AC6C-FBC28F888033}.Release|x86.ActiveCfg = Release|Win32
		{2B445618-0661-4540-AC6C-FBC28F888033}.Release|x86.Build.0 = Release|Win32
		{00D4B84E-A592-4FA8-9C1F-848A3FD14F60}.Debug|x64.ActiveCfg = Debug|x64
		{00D4B84E-A592-4FA8-9C1F-848A3FD14F60}.Debug|x64.Build.0 = Debug|x64
		{00D4B84E-A592-4FA8-9C1F-848A3FD14F60}.Debug|x86.ActiveCfg = Debug|Win32
		{00D4B84E-A592-4FA8-9C1F-848A3FD14F60}.Debug|x86.Build.0 = Debug|Win32
		{00D4B84E-A592-4FA8-9C1F-848A3FD14F60}.Release|x64.ActiveCfg = Release|x64
		{00D4B84E-A592-4FA8-9C1F-848A3FD14F60}.Release|x64.Build.0 = Release|x64
		{00D4B84E-A592-4FA8-9C1F-848A3FD14F60}.Release|x86.ActiveCfg = Release|Win32
		{00D4B84E-A592-4FA8-9C1F-848A3FD14F60}.Release|x86.Build.0 = Release|Win32
		{5048C145-101D-43F3-8328-C280ED509995}.Debug|x64.ActiveCfg = Debug|x64
		{5048C145-101D-43F3-8328-C280ED509995}.Debug|x64.Build.0 = Debug|x64
		{5048C145-101D-43F3-8328-C280ED509995}.Debug|x86.ActiveCfg = Debug|Win32
		{5048C145-101D-43F3-8328-C280ED509995}.Debug|x86.Build.0 = Debug|Win32
		{5048C145-101D-43F3-8328-C280ED509995}.Release|x64.ActiveCfg = Release|x64
		{5048C145-101D-43F3-8328-C280ED509995}.Release|x64.Build.0 = Release|x64
		{5048C145-101D-43F3-8328-C280ED509995}.Release|x86.ActiveCfg = Release|Win32
		{5048C145-101D-43F3-8328-C280ED509995}.Release|x86.Build.0 = Release|Win32
		{3D4A3C86-C2EA-42DB-A60A-5923C7FF2EFB}.Debug|x64.ActiveCfg = Debug|x64
		{3D4A3C86-C2EA-42DB-A60A-5923C7FF2EFB}.Debug|x64.Build.0 = Debug|x64
		{3D4A3C86-C2EA-42DB-A60A-5923C7FF2EFB}.Debug|x86.ActiveCfg = Debug|Win32
		{3D4A3C86-C2EA-42DB-A60A-5923C7FF2EFB}.Debug|x86.Build.0 = Debug|Win32
		{3D4A3C86-C2EA-42DB-A60A-5923C7FF2EFB}.Release|x64.ActiveCfg = Release|x64
		{3D4A3C86-C2EA-42DB-A60A-5923C7FF2EFB}.Release|x64.Build.0 = Release|x64
		{3D4A3C86-C2EA-42DB-A60A-5923C7FF2EFB}.Release|x86.ActiveCfg = Release|Win32
		{3D4A3C86-C2EA-42DB-A60A-5923C7FF2EFB}.Release|x86.Build.0 = Release|Win32
		{C04D39BC-C8BB-466C-B4CE-0E7DFA8E8C59}.Debug|x64.ActiveCfg = Debug|x64
		{C04D39BC-C8BB-466C-B4CE-0E7DFA8E8C59}.Debug|x64.Build.0 = Debug|x64
		{C04D39BC-C8BB-466C-B4CE-0E7DFA8E8C59}.Debug|x86.ActiveCfg = Debug|Win32
		{C04D39BC-C8BB-466C-B4CE-0E7DFA8E8C59}.Debug|x86.Build.0 = Debug|Win32
		{C04D39BC-C8BB-466C-B4CE-0E7DFA8E8C59}.Release|x64.ActiveCfg = Release|x64
		{C04D39BC-C8BB-466C-B4CE-0E7DFA8E8C59}.Release|x64.Build.0 = Release|x64
		{C04D39BC-C8BB-466C-B4CE-0E7DFA8E8C59}.Release|x86.ActiveCfg = Release|Win32
		{C04D39BC-C8BB-466C-B4CE-0E7DFA8E8C59}.Release|x86.Build.0 = Release|Win32
		{563E5217-A286-45F0-953E-EB9CE5377019}.Debug|x64.ActiveCfg = Debug|x64
		{563E5217-A286-45F0-953E-EB9CE5377019}.Debug|x64.Build.0 = Debug|x64
		{563E5217-A286-45F0-953E-EB9CE5377019}.Debug|x86.ActiveCfg = Debug|Win32
		{563E5217-A286-45F0-953E-EB9CE5377019}.Debug|x86.Build.0 = Debug|Win32
		{563E5217-A286-45F0-953E-EB9CE5377019}.Release|x64.ActiveCfg = Release|x64
		{563E5217-A286-45F0-953E-EB9CE5377019}.Release|x64.Build.0 = Release|x64
		{563E5217-A286-45F0-953E-EB9CE5377019}.Release|x86.ActiveCfg = Release|Win32
		{563E5217-A286-45F0-953E-EB9CE5377019}.Release|x86.Build.0 = Release|Win32
		{5ABF27DC-9AF6-48D7-BAE2-AE691CD8D887}.Debug|x64.ActiveCfg = Debug|x64
		{5ABF27DC-9AF6-48D7-BAE2-AE691CD8D887}.Debug|x64.Build.0 = Debug|x64
		{5ABF27DC-9AF6-48D7-BAE2-AE691CD8D887}.Debug|x86.ActiveCfg = Debug|Win32
		{5ABF27DC-9AF6-48D7-BAE2-AE691CD8D887}.Debug|x86.Build.0 = Debug|Win32
		{5ABF27DC-9AF6-48D7-BAE2-AE691CD8D887}.Release|x64.ActiveCfg = Release|x64
		{5ABF27DC-9AF6-48D7-BAE2-AE691CD8D887}.Release|x64.Build.0 = Release|x64
		{5ABF27DC-9AF6-48D7-BAE2-AE691CD8D887}.Release|x86.ActiveCfg = Release|Win32
		{5ABF27DC-9AF6-48D7-BAE2-AE691CD8D887}.Release|x86.Build.0 = Release|Win32
		{89D06A55-5BF1-4957-A16D-DAB1F25882D2}.Debug|x64.ActiveCfg = Debug|x64
		{89D06A55-5BF1-4957-A16D-DAB1F25882D2}.Debug|x64.Build.0 = Debug|x64
		{89D06A55-5BF1-4957-A16D-DAB1F25882D2}.Debug|x86.ActiveCfg = Debug|Win32
		{89D06A55-5BF1-4957-A16D-DAB1F25882D2}.Debug|x86.Build.0 = Debug|Win32
		{89D06A55-5BF1-4957-A16D-DAB1F25882D2}.Release|x64.ActiveCfg = Release|x64
		{89D06A55-5BF1-4957-A16D-DAB1F25882D2}.Release|x64.Build.0 = Release|x64
		{89D06A55-5BF1-4957-A16D-DAB1F25882D2}.Release|x86.ActiveCfg = Release|Win32
		{89D06A55-5BF1-4957-A16D-DAB1F25882D2}.Release|x86.Build.0 = Release|Win32
		{B734B953-1919-4D98-BD61-E7553CB64029}.Debug|x64.ActiveCfg = Debug|x64
		{B734B953-1919-4D98-BD61-E7553CB64029}.Debug|x64.Build.0 = Debug|x64
		{B734B953-1919-4D98-BD61-E7553CB64029}.Debug|x86.ActiveCfg = Debug|Win32
		{B734B953-1919-4D98-BD61-E7553CB64029}.Debug|x86.Build.0 = Debug|Win32
		{B734B953-1919-4D98-BD61-E7553CB64029}.Release|x64.ActiveCfg = Release|x64
		{B734B953-1919-4D98-BD61-E7553CB64029}.Release|x64.Build.0 = Release|x64
		{B734B953-1919-4D98-BD61-E7553CB64029}.Release|x86.ActiveCfg = Release|Win32
		{B734B953-1919-4D98-BD61-E7553CB64029}.Release|x86.Build.0 = Release|Win32
		{4E61E8B3-4DD7-469B-A283-21FEF812325B}.Debug|x64.ActiveCfg = Debug|x64
		{4E61E8B3-4DD7-469B-A283-21FEF812325B}.Debug|x64.Build.0 = Debug|x64
		{4E61E8B3-4DD7-469B-A283-21FEF812325B}.Debug|x86.ActiveCfg = Debug|Win32
		{4E61E8B3-4DD7-469B-A283-21FEF812325B}.Debug|x86.Build.0 = Debug|Win32
		{4E61E8B3-4DD7-469B-A283-21FEF812325B}.Release|x64.ActiveCfg = Release|x64
		{4E61E8B3-4DD7-469B-A283-21FEF812325B}.Release|x64.Build.0 = Release|x64
		{4E61E8B3-4DD7-469B-A283-21FEF812325B}.Release|x86.ActiveCfg = Release|Win32
		{4E61E8B3-4DD7-469B-A283-21FEF812325B}.Release|x86.Build.0 = Release|Win32
		{CE9FE548-33B6-4D0F-9893-3F9DB30CE42C}.Debug|x64.ActiveCfg = Debug|x64
		{CE9FE548-33B6-4D0F-9893-3F9DB30CE42C}.Debug|x64.Build.0 = Debug|x64
		{CE9FE548-33B6-4D0F-9893-3F9DB30CE42C}.Debug|x86.ActiveCfg = Debug|Win32
		{CE9FE548-33B6-4D0F-9893-3F9DB30CE42C}.Debug|x86.Build.0 = Debug|Win32
		{CE9FE548-33B6-4D0F-9893-3F9DB30CE42C}.Release|x64.ActiveCfg = Release|x64
		{CE9FE548-33B6-4D0F-9893-3F9DB30CE42C}.Release|x64.Build.0 = Release|x64
		{CE9FE548-33B6-4D0F-9893-3F9DB30CE42C}.Release|x86.ActiveCfg = Release|Win32
		{CE9FE548-33B6-4D0F-9893-3F9DB30CE42C}.Release|x86.Build.0 = Release|Win32
	EndGlobalSection
	GlobalSection(SolutionProperties) = preSolution
		HideSolutionNode = FALSE
	EndGlobalSection
	GlobalSection(ExtensibilityGlobals) = postSolution
		SolutionGuid = {2520552C-C41F-44C2-89C6-21F1F2929DB3}
	EndGlobalSection
EndGlobal
